// !$*UTF8*$!
{
	archiveVersion = 1;
	classes = {
	};
	objectVersion = 46;
	objects = {

/* Begin PBXBuildFile section */
		B935D0F61AC0689500F2A281 /* AppDelegate.swift in Sources */ = {isa = PBXBuildFile; fileRef = B935D0F51AC0689500F2A281 /* AppDelegate.swift */; };
		B935D0F91AC0689500F2A281 /* hometask.xcdatamodeld in Sources */ = {isa = PBXBuildFile; fileRef = B935D0F71AC0689500F2A281 /* hometask.xcdatamodeld */; };
		B935D0FB1AC0689500F2A281 /* ViewController.swift in Sources */ = {isa = PBXBuildFile; fileRef = B935D0FA1AC0689500F2A281 /* ViewController.swift */; };
		B935D0FE1AC0689500F2A281 /* Main.storyboard in Resources */ = {isa = PBXBuildFile; fileRef = B935D0FC1AC0689500F2A281 /* Main.storyboard */; };
		B935D1001AC0689500F2A281 /* Images.xcassets in Resources */ = {isa = PBXBuildFile; fileRef = B935D0FF1AC0689500F2A281 /* Images.xcassets */; };
		B935D1031AC0689500F2A281 /* LaunchScreen.xib in Resources */ = {isa = PBXBuildFile; fileRef = B935D1011AC0689500F2A281 /* LaunchScreen.xib */; };
		B935D10F1AC0689500F2A281 /* hometaskTests.swift in Sources */ = {isa = PBXBuildFile; fileRef = B935D10E1AC0689500F2A281 /* hometaskTests.swift */; };
/* End PBXBuildFile section */

/* Begin PBXContainerItemProxy section */
		B935D1091AC0689500F2A281 /* PBXContainerItemProxy */ = {
			isa = PBXContainerItemProxy;
			containerPortal = B935D0E81AC0689500F2A281 /* Project object */;
			proxyType = 1;
			remoteGlobalIDString = B935D0EF1AC0689500F2A281;
			remoteInfo = hometask;
		};
/* End PBXContainerItemProxy section */

/* Begin PBXFileReference section */
		B935D0F01AC0689500F2A281 /* hometask.app */ = {isa = PBXFileReference; explicitFileType = wrapper.application; includeInIndex = 0; path = hometask.app; sourceTree = BUILT_PRODUCTS_DIR; };
		B935D0F41AC0689500F2A281 /* Info.plist */ = {isa = PBXFileReference; lastKnownFileType = text.plist.xml; path = Info.plist; sourceTree = "<group>"; };
		B935D0F51AC0689500F2A281 /* AppDelegate.swift */ = {isa = PBXFileReference; lastKnownFileType = sourcecode.swift; path = AppDelegate.swift; sourceTree = "<group>"; };
		B935D0F81AC0689500F2A281 /* hometask.xcdatamodel */ = {isa = PBXFileReference; lastKnownFileType = wrapper.xcdatamodel; path = hometask.xcdatamodel; sourceTree = "<group>"; };
		B935D0FA1AC0689500F2A281 /* ViewController.swift */ = {isa = PBXFileReference; lastKnownFileType = sourcecode.swift; path = ViewController.swift; sourceTree = "<group>"; };
		B935D0FD1AC0689500F2A281 /* Base */ = {isa = PBXFileReference; lastKnownFileType = file.storyboard; name = Base; path = Base.lproj/Main.storyboard; sourceTree = "<group>"; };
		B935D0FF1AC0689500F2A281 /* Images.xcassets */ = {isa = PBXFileReference; lastKnownFileType = folder.assetcatalog; path = Images.xcassets; sourceTree = "<group>"; };
		B935D1021AC0689500F2A281 /* Base */ = {isa = PBXFileReference; lastKnownFileType = file.xib; name = Base; path = Base.lproj/LaunchScreen.xib; sourceTree = "<group>"; };
		B935D1081AC0689500F2A281 /* hometaskTests.xctest */ = {isa = PBXFileReference; explicitFileType = wrapper.cfbundle; includeInIndex = 0; path = hometaskTests.xctest; sourceTree = BUILT_PRODUCTS_DIR; };
		B935D10D1AC0689500F2A281 /* Info.plist */ = {isa = PBXFileReference; lastKnownFileType = text.plist.xml; path = Info.plist; sourceTree = "<group>"; };
		B935D10E1AC0689500F2A281 /* hometaskTests.swift */ = {isa = PBXFileReference; lastKnownFileType = sourcecode.swift; path = hometaskTests.swift; sourceTree = "<group>"; };
/* End PBXFileReference section */

/* Begin PBXFrameworksBuildPhase section */
		B935D0ED1AC0689500F2A281 /* Frameworks */ = {
			isa = PBXFrameworksBuildPhase;
			buildActionMask = 2147483647;
			files = (
			);
			runOnlyForDeploymentPostprocessing = 0;
		};
		B935D1051AC0689500F2A281 /* Frameworks */ = {
			isa = PBXFrameworksBuildPhase;
			buildActionMask = 2147483647;
			files = (
			);
			runOnlyForDeploymentPostprocessing = 0;
		};
/* End PBXFrameworksBuildPhase section */

/* Begin PBXGroup section */
		B935D0E71AC0689500F2A281 = {
			isa = PBXGroup;
			children = (
				B935D0F21AC0689500F2A281 /* hometask */,
				B935D10B1AC0689500F2A281 /* hometaskTests */,
				B935D0F11AC0689500F2A281 /* Products */,
			);
			sourceTree = "<group>";
		};
		B935D0F11AC0689500F2A281 /* Products */ = {
			isa = PBXGroup;
			children = (
				B935D0F01AC0689500F2A281 /* hometask.app */,
				B935D1081AC0689500F2A281 /* hometaskTests.xctest */,
			);
			name = Products;
			sourceTree = "<group>";
		};
		B935D0F21AC0689500F2A281 /* hometask */ = {
			isa = PBXGroup;
			children = (
				B935D0F51AC0689500F2A281 /* AppDelegate.swift */,
				B935D0FA1AC0689500F2A281 /* ViewController.swift */,
				B935D0FC1AC0689500F2A281 /* Main.storyboard */,
				B935D0FF1AC0689500F2A281 /* Images.xcassets */,
				B935D1011AC0689500F2A281 /* LaunchScreen.xib */,
				B935D0F71AC0689500F2A281 /* hometask.xcdatamodeld */,
				B935D0F31AC0689500F2A281 /* Supporting Files */,
			);
			path = hometask;
			sourceTree = "<group>";
		};
		B935D0F31AC0689500F2A281 /* Supporting Files */ = {
			isa = PBXGroup;
			children = (
				B935D0F41AC0689500F2A281 /* Info.plist */,
			);
			name = "Supporting Files";
			sourceTree = "<group>";
		};
		B935D10B1AC0689500F2A281 /* hometaskTests */ = {
			isa = PBXGroup;
			children = (
				B935D10E1AC0689500F2A281 /* hometaskTests.swift */,
				B935D10C1AC0689500F2A281 /* Supporting Files */,
			);
			path = hometaskTests;
			sourceTree = "<group>";
		};
		B935D10C1AC0689500F2A281 /* Supporting Files */ = {
			isa = PBXGroup;
			children = (
				B935D10D1AC0689500F2A281 /* Info.plist */,
			);
			name = "Supporting Files";
			sourceTree = "<group>";
		};
/* End PBXGroup section */

/* Begin PBXNativeTarget section */
		B935D0EF1AC0689500F2A281 /* hometask */ = {
			isa = PBXNativeTarget;
			buildConfigurationList = B935D1121AC0689500F2A281 /* Build configuration list for PBXNativeTarget "hometask" */;
			buildPhases = (
				B935D0EC1AC0689500F2A281 /* Sources */,
				B935D0ED1AC0689500F2A281 /* Frameworks */,
				B935D0EE1AC0689500F2A281 /* Resources */,
			);
			buildRules = (
			);
			dependencies = (
			);
			name = hometask;
			productName = hometask;
			productReference = B935D0F01AC0689500F2A281 /* hometask.app */;
			productType = "com.apple.product-type.application";
		};
		B935D1071AC0689500F2A281 /* hometaskTests */ = {
			isa = PBXNativeTarget;
			buildConfigurationList = B935D1151AC0689500F2A281 /* Build configuration list for PBXNativeTarget "hometaskTests" */;
			buildPhases = (
				B935D1041AC0689500F2A281 /* Sources */,
				B935D1051AC0689500F2A281 /* Frameworks */,
				B935D1061AC0689500F2A281 /* Resources */,
			);
			buildRules = (
			);
			dependencies = (
				B935D10A1AC0689500F2A281 /* PBXTargetDependency */,
			);
			name = hometaskTests;
			productName = hometaskTests;
			productReference = B935D1081AC0689500F2A281 /* hometaskTests.xctest */;
			productType = "com.apple.product-type.bundle.unit-test";
		};
/* End PBXNativeTarget section */

/* Begin PBXProject section */
		B935D0E81AC0689500F2A281 /* Project object */ = {
			isa = PBXProject;
			attributes = {
				LastUpgradeCheck = 0620;
				ORGANIZATIONNAME = "Shafeeva Ekaterina";
				TargetAttributes = {
					B935D0EF1AC0689500F2A281 = {
						CreatedOnToolsVersion = 6.2;
					};
					B935D1071AC0689500F2A281 = {
						CreatedOnToolsVersion = 6.2;
						TestTargetID = B935D0EF1AC0689500F2A281;
					};
				};
			};
			buildConfigurationList = B935D0EB1AC0689500F2A281 /* Build configuration list for PBXProject "hometask" */;
			compatibilityVersion = "Xcode 3.2";
			developmentRegion = English;
			hasScannedForEncodings = 0;
			knownRegions = (
				en,
				Base,
			);
			mainGroup = B935D0E71AC0689500F2A281;
			productRefGroup = B935D0F11AC0689500F2A281 /* Products */;
			projectDirPath = "";
			projectRoot = "";
			targets = (
				B935D0EF1AC0689500F2A281 /* hometask */,
				B935D1071AC0689500F2A281 /* hometaskTests */,
			);
		};
/* End PBXProject section */

/* Begin PBXResourcesBuildPhase section */
		B935D0EE1AC0689500F2A281 /* Resources */ = {
			isa = PBXResourcesBuildPhase;
			buildActionMask = 2147483647;
			files = (
				B935D0FE1AC0689500F2A281 /* Main.storyboard in Resources */,
				B935D1031AC0689500F2A281 /* LaunchScreen.xib in Resources */,
				B935D1001AC0689500F2A281 /* Images.xcassets in Resources */,
			);
			runOnlyForDeploymentPostprocessing = 0;
		};
		B935D1061AC0689500F2A281 /* Resources */ = {
			isa = PBXResourcesBuildPhase;
			buildActionMask = 2147483647;
			files = (
			);
			runOnlyForDeploymentPostprocessing = 0;
		};
/* End PBXResourcesBuildPhase section */

/* Begin PBXSourcesBuildPhase section */
		B935D0EC1AC0689500F2A281 /* Sources */ = {
			isa = PBXSourcesBuildPhase;
			buildActionMask = 2147483647;
			files = (
				B935D0FB1AC0689500F2A281 /* ViewController.swift in Sources */,
				B935D0F61AC0689500F2A281 /* AppDelegate.swift in Sources */,
				B935D0F91AC0689500F2A281 /* hometask.xcdatamodeld in Sources */,
			);
			runOnlyForDeploymentPostprocessing = 0;
		};
		B935D1041AC0689500F2A281 /* Sources */ = {
			isa = PBXSourcesBuildPhase;
			buildActionMask = 2147483647;
			files = (
				B935D10F1AC0689500F2A281 /* hometaskTests.swift in Sources */,
			);
			runOnlyForDeploymentPostprocessing = 0;
		};
/* End PBXSourcesBuildPhase section */

/* Begin PBXTargetDependency section */
		B935D10A1AC0689500F2A281 /* PBXTargetDependency */ = {
			isa = PBXTargetDependency;
			target = B935D0EF1AC0689500F2A281 /* hometask */;
			targetProxy = B935D1091AC0689500F2A281 /* PBXContainerItemProxy */;
		};
/* End PBXTargetDependency section */

/* Begin PBXVariantGroup section */
		B935D0FC1AC0689500F2A281 /* Main.storyboard */ = {
			isa = PBXVariantGroup;
			children = (
				B935D0FD1AC0689500F2A281 /* Base */,
			);
			name = Main.storyboard;
			sourceTree = "<group>";
		};
		B935D1011AC0689500F2A281 /* LaunchScreen.xib */ = {
			isa = PBXVariantGroup;
			children = (
				B935D1021AC0689500F2A281 /* Base */,
			);
			name = LaunchScreen.xib;
			sourceTree = "<group>";
		};
/* End PBXVariantGroup section */

/* Begin XCBuildConfiguration section */
		B935D1101AC0689500F2A281 /* Debug */ = {
			isa = XCBuildConfiguration;
			buildSettings = {
				ALWAYS_SEARCH_USER_PATHS = NO;
				CLANG_CXX_LANGUAGE_STANDARD = "gnu++0x";
				CLANG_CXX_LIBRARY = "libc++";
				CLANG_ENABLE_MODULES = YES;
				CLANG_ENABLE_OBJC_ARC = YES;
				CLANG_WARN_BOOL_CONVERSION = YES;
				CLANG_WARN_CONSTANT_CONVERSION = YES;
				CLANG_WARN_DIRECT_OBJC_ISA_USAGE = YES_ERROR;
				CLANG_WARN_EMPTY_BODY = YES;
				CLANG_WARN_ENUM_CONVERSION = YES;
				CLANG_WARN_INT_CONVERSION = YES;
				CLANG_WARN_OBJC_ROOT_CLASS = YES_ERROR;
				CLANG_WARN_UNREACHABLE_CODE = YES;
				CLANG_WARN__DUPLICATE_METHOD_MATCH = YES;
				"CODE_SIGN_IDENTITY[sdk=iphoneos*]" = "iPhone Developer";
				COPY_PHASE_STRIP = NO;
				ENABLE_STRICT_OBJC_MSGSEND = YES;
				GCC_C_LANGUAGE_STANDARD = gnu99;
				GCC_DYNAMIC_NO_PIC = NO;
				GCC_OPTIMIZATION_LEVEL = 0;
				GCC_PREPROCESSOR_DEFINITIONS = (
					"DEBUG=1",
					"$(inherited)",
				);
				GCC_SYMBOLS_PRIVATE_EXTERN = NO;
				GCC_WARN_64_TO_32_BIT_CONVERSION = YES;
				GCC_WARN_ABOUT_RETURN_TYPE = YES_ERROR;
				GCC_WARN_UNDECLARED_SELECTOR = YES;
				GCC_WARN_UNINITIALIZED_AUTOS = YES_AGGRESSIVE;
				GCC_WARN_UNUSED_FUNCTION = YES;
				GCC_WARN_UNUSED_VARIABLE = YES;
				IPHONEOS_DEPLOYMENT_TARGET = 8.2;
				MTL_ENABLE_DEBUG_INFO = YES;
				ONLY_ACTIVE_ARCH = YES;
				SDKROOT = iphoneos;
				SWIFT_OPTIMIZATION_LEVEL = "-Onone";
			};
			name = Debug;
		};
		B935D1111AC0689500F2A281 /* Release */ = {
			isa = XCBuildConfiguration;
			buildSettings = {
				ALWAYS_SEARCH_USER_PATHS = NO;
				CLANG_CXX_LANGUAGE_STANDARD = "gnu++0x";
				CLANG_CXX_LIBRARY = "libc++";
				CLANG_ENABLE_MODULES = YES;
				CLANG_ENABLE_OBJC_ARC = YES;
				CLANG_WARN_BOOL_CONVERSION = YES;
				CLANG_WARN_CONSTANT_CONVERSION = YES;
				CLANG_WARN_DIRECT_OBJC_ISA_USAGE = YES_ERROR;
				CLANG_WARN_EMPTY_BODY = YES;
				CLANG_WARN_ENUM_CONVERSION = YES;
				CLANG_WARN_INT_CONVERSION = YES;
				CLANG_WARN_OBJC_ROOT_CLASS = YES_ERROR;
				CLANG_WARN_UNREACHABLE_CODE = YES;
				CLANG_WARN__DUPLICATE_METHOD_MATCH = YES;
				"CODE_SIGN_IDENTITY[sdk=iphoneos*]" = "iPhone Developer";
				COPY_PHASE_STRIP = NO;
				ENABLE_NS_ASSERTIONS = NO;
				ENABLE_STRICT_OBJC_MSGSEND = YES;
				GCC_C_LANGUAGE_STANDARD = gnu99;
				GCC_WARN_64_TO_32_BIT_CONVERSION = YES;
				GCC_WARN_ABOUT_RETURN_TYPE = YES_ERROR;
				GCC_WARN_UNDECLARED_SELECTOR = YES;
				GCC_WARN_UNINITIALIZED_AUTOS = YES_AGGRESSIVE;
				GCC_WARN_UNUSED_FUNCTION = YES;
				GCC_WARN_UNUSED_VARIABLE = YES;
				IPHONEOS_DEPLOYMENT_TARGET = 8.2;
				MTL_ENABLE_DEBUG_INFO = NO;
				SDKROOT = iphoneos;
				VALIDATE_PRODUCT = YES;
			};
			name = Release;
		};
		B935D1131AC0689500F2A281 /* Debug */ = {
			isa = XCBuildConfiguration;
			buildSettings = {
				ASSETCATALOG_COMPILER_APPICON_NAME = AppIcon;
				INFOPLIST_FILE = hometask/Info.plist;
				LD_RUNPATH_SEARCH_PATHS = "$(inherited) @executable_path/Frameworks";
				PRODUCT_NAME = "$(TARGET_NAME)";
			};
			name = Debug;
		};
		B935D1141AC0689500F2A281 /* Release */ = {
			isa = XCBuildConfiguration;
			buildSettings = {
				ASSETCATALOG_COMPILER_APPICON_NAME = AppIcon;
				INFOPLIST_FILE = hometask/Info.plist;
				LD_RUNPATH_SEARCH_PATHS = "$(inherited) @executable_path/Frameworks";
				PRODUCT_NAME = "$(TARGET_NAME)";
			};
			name = Release;
		};
		B935D1161AC0689500F2A281 /* Debug */ = {
			isa = XCBuildConfiguration;
			buildSettings = {
				BUNDLE_LOADER = "$(TEST_HOST)";
				FRAMEWORK_SEARCH_PATHS = (
					"$(SDKROOT)/Developer/Library/Frameworks",
					"$(inherited)",
				);
				GCC_PREPROCESSOR_DEFINITIONS = (
					"DEBUG=1",
					"$(inherited)",
				);
				INFOPLIST_FILE = hometaskTests/Info.plist;
				LD_RUNPATH_SEARCH_PATHS = "$(inherited) @executable_path/Frameworks @loader_path/Frameworks";
				PRODUCT_NAME = "$(TARGET_NAME)";
				TEST_HOST = "$(BUILT_PRODUCTS_DIR)/hometask.app/hometask";
			};
			name = Debug;
		};
		B935D1171AC0689500F2A281 /* Release */ = {
			isa = XCBuildConfiguration;
			buildSettings = {
				BUNDLE_LOADER = "$(TEST_HOST)";
				FRAMEWORK_SEARCH_PATHS = (
					"$(SDKROOT)/Developer/Library/Frameworks",
					"$(inherited)",
				);
				INFOPLIST_FILE = hometaskTests/Info.plist;
				LD_RUNPATH_SEARCH_PATHS = "$(inherited) @executable_path/Frameworks @loader_path/Frameworks";
				PRODUCT_NAME = "$(TARGET_NAME)";
				TEST_HOST = "$(BUILT_PRODUCTS_DIR)/hometask.app/hometask";
			};
			name = Release;
		};
/* End XCBuildConfiguration section */

/* Begin XCConfigurationList section */
		B935D0EB1AC0689500F2A281 /* Build configuration list for PBXProject "hometask" */ = {
			isa = XCConfigurationList;
			buildConfigurations = (
				B935D1101AC0689500F2A281 /* Debug */,
				B935D1111AC0689500F2A281 /* Release */,
			);
			defaultConfigurationIsVisible = 0;
			defaultConfigurationName = Release;
		};
		B935D1121AC0689500F2A281 /* Build configuration list for PBXNativeTarget "hometask" */ = {
			isa = XCConfigurationList;
			buildConfigurations = (
				B935D1131AC0689500F2A281 /* Debug */,
				B935D1141AC0689500F2A281 /* Release */,
			);
			defaultConfigurationIsVisible = 0;
		};
		B935D1151AC0689500F2A281 /* Build configuration list for PBXNativeTarget "hometaskTests" */ = {
			isa = XCConfigurationList;
			buildConfigurations = (
				B935D1161AC0689500F2A281 /* Debug */,
				B935D1171AC0689500F2A281 /* Release */,
			);
			defaultConfigurationIsVisible = 0;
		};
/* End XCConfigurationList section */

/* Begin XCVersionGroup section */
		B935D0F71AC0689500F2A281 /* hometask.xcdatamodeld */ = {
			isa = XCVersionGroup;
			children = (
				B935D0F81AC0689500F2A281 /* hometask.xcdatamodel */,
			);
			currentVersion = B935D0F81AC0689500F2A281 /* hometask.xcdatamodel */;
			path = hometask.xcdatamodeld;
			sourceTree = "<group>";
			versionGroupType = wrapper.xcdatamodel;
		};
/* End XCVersionGroup section */
	};
	rootObject = B935D0E81AC0689500F2A281 /* Project object */;
}
